
Microsoft Visual Studio Solution File, Format Version 12.00
# Visual Studio Version 17
VisualStudioVersion = 17.0.31912.275
MinimumVisualStudioVersion = 10.0.40219.1
Project("{9A19103F-16F7-4668-BE54-9A1E7A4F7556}") = "MVC", "PracticeApp\MVC.csproj", "{A48AE450-D7F8-4545-9449-8B6E83928980}"
EndProject
Project("{FAE04EC0-301F-11D3-BF4B-00C04F79EFBC}") = "Empty .NET", "WebApplication1\Empty .NET.csproj", "{A5ACBF6D-ADED-4DC9-9E58-65B8F1C1A445}"
EndProject
Project("{FAE04EC0-301F-11D3-BF4B-00C04F79EFBC}") = "Razor", "Razor\Razor.csproj", "{33E6B5D4-B8F8-4EAB-B581-6B6443D02BF9}"
EndProject
Global
	GlobalSection(SolutionConfigurationPlatforms) = preSolution
		Debug|Any CPU = Debug|Any CPU
		Release|Any CPU = Release|Any CPU
	EndGlobalSection
	GlobalSection(ProjectConfigurationPlatforms) = postSolution
		{A48AE450-D7F8-4545-9449-8B6E83928980}.Debug|Any CPU.ActiveCfg = Debug|Any CPU
		{A48AE450-D7F8-4545-9449-8B6E83928980}.Debug|Any CPU.Build.0 = Debug|Any CPU
		{A48AE450-D7F8-4545-9449-8B6E83928980}.Release|Any CPU.ActiveCfg = Release|Any CPU
		{A48AE450-D7F8-4545-9449-8B6E83928980}.Release|Any CPU.Build.0 = Release|Any CPU
		{A5ACBF6D-ADED-4DC9-9E58-65B8F1C1A445}.Debug|Any CPU.ActiveCfg = Debug|Any CPU
		{A5ACBF6D-ADED-4DC9-9E58-65B8F1C1A445}.Debug|Any CPU.Build.0 = Debug|Any CPU
		{A5ACBF6D-ADED-4DC9-9E58-65B8F1C1A445}.Release|Any CPU.ActiveCfg = Release|Any CPU
		{A5ACBF6D-ADED-4DC9-9E58-65B8F1C1A445}.Release|Any CPU.Build.0 = Release|Any CPU
		{33E6B5D4-B8F8-4EAB-B581-6B6443D02BF9}.Debug|Any CPU.ActiveCfg = Debug|Any CPU
		{33E6B5D4-B8F8-4EAB-B581-6B6443D02BF9}.Debug|Any CPU.Build.0 = Debug|Any CPU
		{33E6B5D4-B8F8-4EAB-B581-6B6443D02BF9}.Release|Any CPU.ActiveCfg = Release|Any CPU
		{33E6B5D4-B8F8-4EAB-B581-6B6443D02BF9}.Release|Any CPU.Build.0 = Release|Any CPU
	EndGlobalSection
	GlobalSection(SolutionProperties) = preSolution
		HideSolutionNode = FALSE
	EndGlobalSection
	GlobalSection(ExtensibilityGlobals) = postSolution
		SolutionGuid = {6ED0D7EC-C30F-4C39-AB12-923CCA4EBDB2}
	EndGlobalSection
EndGlobal
